
Microsoft Visual Studio Solution File, Format Version 12.00
# Visual Studio 15
VisualStudioVersion = 15.0.28010.2046
MinimumVisualStudioVersion = 10.0.40219.1
Project("{FAE04EC0-301F-11D3-BF4B-00C04F79EFBC}") = "ChatWithOther", "chatWithOther\ChatWithOther.csproj", "{C2BF3B45-5039-4345-8A38-770ECC5D5B55}"
EndProject
Project("{FAE04EC0-301F-11D3-BF4B-00C04F79EFBC}") = "TestScoures", "testScoures\TestScoures.csproj", "{D28FF433-4608-4896-8270-44453EFA9CA2}"
EndProject
Project("{FAE04EC0-301F-11D3-BF4B-00C04F79EFBC}") = "ChatRoomService", "chatRoomService\ChatRoomService.csproj", "{519D4E1A-350C-422B-9655-3F435CF18961}"
EndProject
Global
	GlobalSection(SolutionConfigurationPlatforms) = preSolution
		Debug|Any CPU = Debug|Any CPU
		Release|Any CPU = Release|Any CPU
	EndGlobalSection
	GlobalSection(ProjectConfigurationPlatforms) = postSolution
		{C2BF3B45-5039-4345-8A38-770ECC5D5B55}.Debug|Any CPU.ActiveCfg = Debug|Any CPU
		{C2BF3B45-5039-4345-8A38-770ECC5D5B55}.Debug|Any CPU.Build.0 = Debug|Any CPU
		{C2BF3B45-5039-4345-8A38-770ECC5D5B55}.Release|Any CPU.ActiveCfg = Release|Any CPU
		{C2BF3B45-5039-4345-8A38-770ECC5D5B55}.Release|Any CPU.Build.0 = Release|Any CPU
		{D28FF433-4608-4896-8270-44453EFA9CA2}.Debug|Any CPU.ActiveCfg = Debug|Any CPU
		{D28FF433-4608-4896-8270-44453EFA9CA2}.Debug|Any CPU.Build.0 = Debug|Any CPU
		{D28FF433-4608-4896-8270-44453EFA9CA2}.Release|Any CPU.ActiveCfg = Release|Any CPU
		{D28FF433-4608-4896-8270-44453EFA9CA2}.Release|Any CPU.Build.0 = Release|Any CPU
		{519D4E1A-350C-422B-9655-3F435CF18961}.Debug|Any CPU.ActiveCfg = Debug|Any CPU
		{519D4E1A-350C-422B-9655-3F435CF18961}.Debug|Any CPU.Build.0 = Debug|Any CPU
		{519D4E1A-350C-422B-9655-3F435CF18961}.Release|Any CPU.ActiveCfg = Release|Any CPU
		{519D4E1A-350C-422B-9655-3F435CF18961}.Release|Any CPU.Build.0 = Release|Any CPU
	EndGlobalSection
	GlobalSection(SolutionProperties) = preSolution
		HideSolutionNode = FALSE
	EndGlobalSection
	GlobalSection(ExtensibilityGlobals) = postSolution
		SolutionGuid = {1196A1B6-602C-4D31-BABC-BFD242706250}
	EndGlobalSection
EndGlobal
